
Microsoft Visual Studio Solution File, Format Version 12.00
# Visual Studio 15
Project("{FAE04EC0-301F-11D3-BF4B-00C04F79EFBC}") = "Assembly-CSharp", "Assembly-CSharp.csproj", "{4378EB29-BB2B-7F44-9894-E423E654B20C}"
EndProject
Project("{FAE04EC0-301F-11D3-BF4B-00C04F79EFBC}") = "Assembly-CSharp-Editor", "Assembly-CSharp-Editor.csproj", "{A3128184-AE67-0B57-77D9-D8CCB3CC6718}"
EndProject
Global
	GlobalSection(SolutionConfigurationPlatforms) = preSolution
		Debug|Any CPU = Debug|Any CPU
		Release|Any CPU = Release|Any CPU
	EndGlobalSection
	GlobalSection(ProjectConfigurationPlatforms) = postSolution
		{4378EB29-BB2B-7F44-9894-E423E654B20C}.Debug|Any CPU.ActiveCfg = Debug|Any CPU
		{4378EB29-BB2B-7F44-9894-E423E654B20C}.Debug|Any CPU.Build.0 = Debug|Any CPU
		{4378EB29-BB2B-7F44-9894-E423E654B20C}.Release|Any CPU.ActiveCfg = Release|Any CPU
		{4378EB29-BB2B-7F44-9894-E423E654B20C}.Release|Any CPU.Build.0 = Release|Any CPU
		{A3128184-AE67-0B57-77D9-D8CCB3CC6718}.Debug|Any CPU.ActiveCfg = Debug|Any CPU
		{A3128184-AE67-0B57-77D9-D8CCB3CC6718}.Debug|Any CPU.Build.0 = Debug|Any CPU
		{A3128184-AE67-0B57-77D9-D8CCB3CC6718}.Release|Any CPU.ActiveCfg = Release|Any CPU
		{A3128184-AE67-0B57-77D9-D8CCB3CC6718}.Release|Any CPU.Build.0 = Release|Any CPU
	EndGlobalSection
	GlobalSection(SolutionProperties) = preSolution
		HideSolutionNode = FALSE
	EndGlobalSection
	GlobalSection(MonoDevelopProperties) = preSolution
		StartupItem = Assembly-CSharp.csproj
	EndGlobalSection
EndGlobal
